<?xml version="1.0" encoding="utf-8"?>
<Project ToolsVersion="4.0" xmlns="http://schemas.microsoft.com/developer/msbuild/2003">
  <ItemGroup>
    <Filter Include="Source Files">
      <UniqueIdentifier>{4FC737F1-C7A5-4376-A066-2A32D752A2FF}</UniqueIdentifier>
      <Extensions>cpp;c;cc;cxx;def;odl;idl;hpj;bat;asm;asmx</Extensions>
    </Filter>
    <Filter Include="Header Files">
      <UniqueIdentifier>{93995380-89BD-4b04-88EB-625FBE52EBFB}</UniqueIdentifier>
      <Extensions>h;hh;hpp;hxx;hm;inl;inc;xsd</Extensions>
    </Filter>
    <Filter Include="Resource Files">
      <UniqueIdentifier>{67DA6AB6-F800-4c08-8B7A-83BB121AAD01}</UniqueIdentifier>
      <Extensions>rc;ico;cur;bmp;dlg;rc2;rct;bin;rgs;gif;jpg;jpeg;jpe;resx;tiff;tif;png;wav</Extensions>
    </Filter>
    <Filter Include="Firebase">
      <UniqueIdentifier>{8cb348c3-4f5b-43a2-aa7d-f6db40cc5f5d}</UniqueIdentifier>
    </Filter>
    <Filter Include="Memory">
      <UniqueIdentifier>{68cf20ff-9fe6-4f1f-86e0-f6048d8feff7}</UniqueIdentifier>
    </Filter>
    <Filter Include="Antidebug">
      <UniqueIdentifier>{d38c2b00-a47a-42c1-9b80-5350e72f5414}</UniqueIdentifier>
    </Filter>
    <Filter Include="Updater">
      <UniqueIdentifier>{ff2665d0-12dc-4b98-a6ae-b1fd1aa033d6}</UniqueIdentifier>
    </Filter>
    <Filter Include="Injector">
      <UniqueIdentifier>{f0ab5c7d-3a9c-45f3-8752-9a1f697ff4e6}</UniqueIdentifier>
    </Filter>
    <Filter Include="Suspender">
      <UniqueIdentifier>{569c7aa5-3f7f-4718-8719-5467753ef3a0}</UniqueIdentifier>
    </Filter>
  </ItemGroup>
  <ItemGroup>
    <ClCompile Include="src\LoginFrame.cpp">
      <Filter>Source Files</Filter>
    </ClCompile>
    <ClCompile Include="src\main.cpp">
      <Filter>Source Files</Filter>
    </ClCompile>
    <ClCompile Include="src\ProcessUtils.cpp">
      <Filter>Source Files</Filter>
    </ClCompile>
    <ClCompile Include="src\Theme.cpp">
      <Filter>Source Files</Filter>
    </ClCompile>
    <ClCompile Include="src\ToolFrame.cpp">
      <Filter>Source Files</Filter>
    </ClCompile>
    <ClCompile Include="src\firebase\Firebase.cpp">
      <Filter>Firebase</Filter>
    </ClCompile>
    <ClCompile Include="src\firebase\FirebaseAuth.cpp">
      <Filter>Firebase</Filter>
    </ClCompile>
    <ClCompile Include="src\Scanner.cpp">
      <Filter>Memory</Filter>
    </ClCompile>
    <ClCompile Include="src\Memory.cpp">
      <Filter>Memory</Filter>
    </ClCompile>
    <ClCompile Include="src\firebase\FirebaseLogs.cpp">
      <Filter>Source Files</Filter>
    </ClCompile>
    <ClCompile Include="src\antidebug\AntiDebug.cpp">
      <Filter>Antidebug</Filter>
    </ClCompile>
    <ClCompile Include="src\updater\AppUpdater.cpp">
      <Filter>Updater</Filter>
    </ClCompile>
    <ClCompile Include="src\injector\GetProcAddressR.c">
      <Filter>Injector</Filter>
    </ClCompile>
    <ClCompile Include="src\injector\Inject.c">
      <Filter>Injector</Filter>
    </ClCompile>
    <ClCompile Include="src\injector\LoadLibraryR.c">
      <Filter>Injector</Filter>
    </ClCompile>
    <ClCompile Include="src\suspender\suspender.cpp">
      <Filter>Suspender</Filter>
    </ClCompile>
  </ItemGroup>
  <ItemGroup>
    <ClInclude Include="src\Config.h">
      <Filter>Header Files</Filter>
    </ClInclude>
    <ClInclude Include="src\LoginFrame.h">
      <Filter>Header Files</Filter>
    </ClInclude>
    <ClInclude Include="src\ProcessUtils.h">
      <Filter>Header Files</Filter>
    </ClInclude>
    <ClInclude Include="src\Theme.h">
      <Filter>Header Files</Filter>
    </ClInclude>
    <ClInclude Include="src\ToolFrame.h">
      <Filter>Header Files</Filter>
    </ClInclude>
    <ClInclude Include="src\firebase\Firebase.h">
      <Filter>Firebase</Filter>
    </ClInclude>
    <ClInclude Include="src\firebase\FirebaseAuth.h">
      <Filter>Firebase</Filter>
    </ClInclude>
    <ClInclude Include="scanner.h">
      <Filter>Header Files</Filter>
    </ClInclude>
    <ClInclude Include="src\Scanner.h">
      <Filter>Memory</Filter>
    </ClInclude>
    <ClInclude Include="src\Memory.h">
      <Filter>Memory</Filter>
    </ClInclude>
    <ClInclude Include="src\firebase\FirebaseLogs.h">
      <Filter>Header Files</Filter>
    </ClInclude>
    <ClInclude Include="src\antidebug\AntiDebug.h">
      <Filter>Antidebug</Filter>
    </ClInclude>
    <ClInclude Include="src\antidebug\ThemidaSDK.h">
      <Filter>Antidebug</Filter>
    </ClInclude>
    <ClInclude Include="src\updater\AppUpdater.h">
      <Filter>Updater</Filter>
    </ClInclude>
    <ClInclude Include="src\injector\GetProcAddressR.h">
      <Filter>Injector</Filter>
    </ClInclude>
    <ClInclude Include="src\injector\LoadLibraryR.h">
      <Filter>Injector</Filter>
    </ClInclude>
    <ClInclude Include="src\injector\ReflectiveDLLInjection.h">
      <Filter>Injector</Filter>
    </ClInclude>
    <ClInclude Include="src\antidebug\SecureEngineCustomVMs.h">
      <Filter>Antidebug</Filter>
    </ClInclude>
    <ClInclude Include="src\antidebug\SecureEngineCustomVMs_VC_inline.h">
      <Filter>Antidebug</Filter>
    </ClInclude>
    <ClInclude Include="src\SharedParams.h">
      <Filter>Header Files</Filter>
    </ClInclude>
    <ClInclude Include="src\suspender\suspender.h">
      <Filter>Suspender</Filter>
    </ClInclude>
  </ItemGroup>
</Project>